
Microsoft Visual Studio Solution File, Format Version 12.00
# Visual Studio 15
VisualStudioVersion = 15.0.27004.2006
MinimumVisualStudioVersion = 10.0.40219.1
Project("{FAE04EC0-301F-11D3-BF4B-00C04F79EFBC}") = "WindowsFormsApp1", "WindowsFormsApp1\WindowsFormsApp1.csproj", "{01B3278D-C77A-4187-8AF3-6D99F5BB21E3}"
EndProject
Global
	GlobalSection(SolutionConfigurationPlatforms) = preSolution
		Debug|Any CPU = Debug|Any CPU
		Release|Any CPU = Release|Any CPU
	EndGlobalSection
	GlobalSection(ProjectConfigurationPlatforms) = postSolution
		{01B3278D-C77A-4187-8AF3-6D99F5BB21E3}.Debug|Any CPU.ActiveCfg = Debug|Any CPU
		{01B3278D-C77A-4187-8AF3-6D99F5BB21E3}.Debug|Any CPU.Build.0 = Debug|Any CPU
		{01B3278D-C77A-4187-8AF3-6D99F5BB21E3}.Release|Any CPU.ActiveCfg = Release|Any CPU
		{01B3278D-C77A-4187-8AF3-6D99F5BB21E3}.Release|Any CPU.Build.0 = Release|Any CPU
	EndGlobalSection
	GlobalSection(SolutionProperties) = preSolution
		HideSolutionNode = FALSE
	EndGlobalSection
	GlobalSection(ExtensibilityGlobals) = postSolution
		SolutionGuid = {F0548157-9497-4B3C-BC63-74A1B82CF586}
	EndGlobalSection
EndGlobal
